// !$*UTF8*$!
{
	archiveVersion = 1;
	classes = {
	};
	objectVersion = 46;
	objects = {

/* Begin PBXBuildFile section */
		EDFC16F819D0E9F300E0E598 /* AppDelegate.swift in Sources */ = {isa = PBXBuildFile; fileRef = EDFC16F719D0E9F300E0E598 /* AppDelegate.swift */; };
		EDFC16FB19D0E9F300E0E598 /* Flickr_Photo_Viewer.xcdatamodeld in Sources */ = {isa = PBXBuildFile; fileRef = EDFC16F919D0E9F300E0E598 /* Flickr_Photo_Viewer.xcdatamodeld */; };
		EDFC16FD19D0E9F300E0E598 /* ViewController.swift in Sources */ = {isa = PBXBuildFile; fileRef = EDFC16FC19D0E9F300E0E598 /* ViewController.swift */; };
		EDFC170019D0E9F300E0E598 /* Main.storyboard in Resources */ = {isa = PBXBuildFile; fileRef = EDFC16FE19D0E9F300E0E598 /* Main.storyboard */; };
		EDFC170219D0E9F300E0E598 /* Images.xcassets in Resources */ = {isa = PBXBuildFile; fileRef = EDFC170119D0E9F300E0E598 /* Images.xcassets */; };
		EDFC170519D0E9F300E0E598 /* LaunchScreen.xib in Resources */ = {isa = PBXBuildFile; fileRef = EDFC170319D0E9F300E0E598 /* LaunchScreen.xib */; };
		EDFC171119D0E9F300E0E598 /* Flickr_Photo_ViewerTests.swift in Sources */ = {isa = PBXBuildFile; fileRef = EDFC171019D0E9F300E0E598 /* Flickr_Photo_ViewerTests.swift */; };
		EDFC171B19D0EB2C00E0E598 /* FlickrHelper.swift in Sources */ = {isa = PBXBuildFile; fileRef = EDFC171A19D0EB2C00E0E598 /* FlickrHelper.swift */; };
/* End PBXBuildFile section */

/* Begin PBXContainerItemProxy section */
		EDFC170B19D0E9F300E0E598 /* PBXContainerItemProxy */ = {
			isa = PBXContainerItemProxy;
			containerPortal = EDFC16EA19D0E9F200E0E598 /* Project object */;
			proxyType = 1;
			remoteGlobalIDString = EDFC16F119D0E9F300E0E598;
			remoteInfo = "Flickr-Photo-Viewer";
		};
/* End PBXContainerItemProxy section */

/* Begin PBXFileReference section */
		EDFC16F219D0E9F300E0E598 /* Flickr-Photo-Viewer.app */ = {isa = PBXFileReference; explicitFileType = wrapper.application; includeInIndex = 0; path = "Flickr-Photo-Viewer.app"; sourceTree = BUILT_PRODUCTS_DIR; };
		EDFC16F619D0E9F300E0E598 /* Info.plist */ = {isa = PBXFileReference; lastKnownFileType = text.plist.xml; path = Info.plist; sourceTree = "<group>"; };
		EDFC16F719D0E9F300E0E598 /* AppDelegate.swift */ = {isa = PBXFileReference; lastKnownFileType = sourcecode.swift; path = AppDelegate.swift; sourceTree = "<group>"; };
		EDFC16FA19D0E9F300E0E598 /* Flickr_Photo_Viewer.xcdatamodel */ = {isa = PBXFileReference; lastKnownFileType = wrapper.xcdatamodel; path = Flickr_Photo_Viewer.xcdatamodel; sourceTree = "<group>"; };
		EDFC16FC19D0E9F300E0E598 /* ViewController.swift */ = {isa = PBXFileReference; lastKnownFileType = sourcecode.swift; path = ViewController.swift; sourceTree = "<group>"; };
		EDFC16FF19D0E9F300E0E598 /* Base */ = {isa = PBXFileReference; lastKnownFileType = file.storyboard; name = Base; path = Base.lproj/Main.storyboard; sourceTree = "<group>"; };
		EDFC170119D0E9F300E0E598 /* Images.xcassets */ = {isa = PBXFileReference; lastKnownFileType = folder.assetcatalog; path = Images.xcassets; sourceTree = "<group>"; };
		EDFC170419D0E9F300E0E598 /* Base */ = {isa = PBXFileReference; lastKnownFileType = file.xib; name = Base; path = Base.lproj/LaunchScreen.xib; sourceTree = "<group>"; };
		EDFC170A19D0E9F300E0E598 /* Flickr-Photo-ViewerTests.xctest */ = {isa = PBXFileReference; explicitFileType = wrapper.cfbundle; includeInIndex = 0; path = "Flickr-Photo-ViewerTests.xctest"; sourceTree = BUILT_PRODUCTS_DIR; };
		EDFC170F19D0E9F300E0E598 /* Info.plist */ = {isa = PBXFileReference; lastKnownFileType = text.plist.xml; path = Info.plist; sourceTree = "<group>"; };
		EDFC171019D0E9F300E0E598 /* Flickr_Photo_ViewerTests.swift */ = {isa = PBXFileReference; lastKnownFileType = sourcecode.swift; path = Flickr_Photo_ViewerTests.swift; sourceTree = "<group>"; };
		EDFC171A19D0EB2C00E0E598 /* FlickrHelper.swift */ = {isa = PBXFileReference; fileEncoding = 4; lastKnownFileType = sourcecode.swift; path = FlickrHelper.swift; sourceTree = "<group>"; };
/* End PBXFileReference section */

/* Begin PBXFrameworksBuildPhase section */
		EDFC16EF19D0E9F300E0E598 /* Frameworks */ = {
			isa = PBXFrameworksBuildPhase;
			buildActionMask = 2147483647;
			files = (
			);
			runOnlyForDeploymentPostprocessing = 0;
		};
		EDFC170719D0E9F300E0E598 /* Frameworks */ = {
			isa = PBXFrameworksBuildPhase;
			buildActionMask = 2147483647;
			files = (
			);
			runOnlyForDeploymentPostprocessing = 0;
		};
/* End PBXFrameworksBuildPhase section */

/* Begin PBXGroup section */
		EDFC16E919D0E9F200E0E598 = {
			isa = PBXGroup;
			children = (
				EDFC16F419D0E9F300E0E598 /* Flickr-Photo-Viewer */,
				EDFC170D19D0E9F300E0E598 /* Flickr-Photo-ViewerTests */,
				EDFC16F319D0E9F300E0E598 /* Products */,
			);
			sourceTree = "<group>";
		};
		EDFC16F319D0E9F300E0E598 /* Products */ = {
			isa = PBXGroup;
			children = (
				EDFC16F219D0E9F300E0E598 /* Flickr-Photo-Viewer.app */,
				EDFC170A19D0E9F300E0E598 /* Flickr-Photo-ViewerTests.xctest */,
			);
			name = Products;
			sourceTree = "<group>";
		};
		EDFC16F419D0E9F300E0E598 /* Flickr-Photo-Viewer */ = {
			isa = PBXGroup;
			children = (
				EDFC16F719D0E9F300E0E598 /* AppDelegate.swift */,
				EDFC16FC19D0E9F300E0E598 /* ViewController.swift */,
				EDFC16FE19D0E9F300E0E598 /* Main.storyboard */,
				EDFC170119D0E9F300E0E598 /* Images.xcassets */,
				EDFC170319D0E9F300E0E598 /* LaunchScreen.xib */,
				EDFC16F919D0E9F300E0E598 /* Flickr_Photo_Viewer.xcdatamodeld */,
				EDFC16F519D0E9F300E0E598 /* Supporting Files */,
				EDFC171A19D0EB2C00E0E598 /* FlickrHelper.swift */,
			);
			path = "Flickr-Photo-Viewer";
			sourceTree = "<group>";
		};
		EDFC16F519D0E9F300E0E598 /* Supporting Files */ = {
			isa = PBXGroup;
			children = (
				EDFC16F619D0E9F300E0E598 /* Info.plist */,
			);
			name = "Supporting Files";
			sourceTree = "<group>";
		};
		EDFC170D19D0E9F300E0E598 /* Flickr-Photo-ViewerTests */ = {
			isa = PBXGroup;
			children = (
				EDFC171019D0E9F300E0E598 /* Flickr_Photo_ViewerTests.swift */,
				EDFC170E19D0E9F300E0E598 /* Supporting Files */,
			);
			path = "Flickr-Photo-ViewerTests";
			sourceTree = "<group>";
		};
		EDFC170E19D0E9F300E0E598 /* Supporting Files */ = {
			isa = PBXGroup;
			children = (
				EDFC170F19D0E9F300E0E598 /* Info.plist */,
			);
			name = "Supporting Files";
			sourceTree = "<group>";
		};
/* End PBXGroup section */

/* Begin PBXNativeTarget section */
		EDFC16F119D0E9F300E0E598 /* Flickr-Photo-Viewer */ = {
			isa = PBXNativeTarget;
			buildConfigurationList = EDFC171419D0E9F300E0E598 /* Build configuration list for PBXNativeTarget "Flickr-Photo-Viewer" */;
			buildPhases = (
				EDFC16EE19D0E9F300E0E598 /* Sources */,
				EDFC16EF19D0E9F300E0E598 /* Frameworks */,
				EDFC16F019D0E9F300E0E598 /* Resources */,
			);
			buildRules = (
			);
			dependencies = (
			);
			name = "Flickr-Photo-Viewer";
			productName = "Flickr-Photo-Viewer";
			productReference = EDFC16F219D0E9F300E0E598 /* Flickr-Photo-Viewer.app */;
			productType = "com.apple.product-type.application";
		};
		EDFC170919D0E9F300E0E598 /* Flickr-Photo-ViewerTests */ = {
			isa = PBXNativeTarget;
			buildConfigurationList = EDFC171719D0E9F300E0E598 /* Build configuration list for PBXNativeTarget "Flickr-Photo-ViewerTests" */;
			buildPhases = (
				EDFC170619D0E9F300E0E598 /* Sources */,
				EDFC170719D0E9F300E0E598 /* Frameworks */,
				EDFC170819D0E9F300E0E598 /* Resources */,
			);
			buildRules = (
			);
			dependencies = (
				EDFC170C19D0E9F300E0E598 /* PBXTargetDependency */,
			);
			name = "Flickr-Photo-ViewerTests";
			productName = "Flickr-Photo-ViewerTests";
			productReference = EDFC170A19D0E9F300E0E598 /* Flickr-Photo-ViewerTests.xctest */;
			productType = "com.apple.product-type.bundle.unit-test";
		};
/* End PBXNativeTarget section */

/* Begin PBXProject section */
		EDFC16EA19D0E9F200E0E598 /* Project object */ = {
			isa = PBXProject;
			attributes = {
				LastUpgradeCheck = 0600;
				ORGANIZATIONNAME = "David Fry";
				TargetAttributes = {
					EDFC16F119D0E9F300E0E598 = {
						CreatedOnToolsVersion = 6.0;
					};
					EDFC170919D0E9F300E0E598 = {
						CreatedOnToolsVersion = 6.0;
						TestTargetID = EDFC16F119D0E9F300E0E598;
					};
				};
			};
			buildConfigurationList = EDFC16ED19D0E9F200E0E598 /* Build configuration list for PBXProject "Flickr-Photo-Viewer" */;
			compatibilityVersion = "Xcode 3.2";
			developmentRegion = English;
			hasScannedForEncodings = 0;
			knownRegions = (
				en,
				Base,
			);
			mainGroup = EDFC16E919D0E9F200E0E598;
			productRefGroup = EDFC16F319D0E9F300E0E598 /* Products */;
			projectDirPath = "";
			projectRoot = "";
			targets = (
				EDFC16F119D0E9F300E0E598 /* Flickr-Photo-Viewer */,
				EDFC170919D0E9F300E0E598 /* Flickr-Photo-ViewerTests */,
			);
		};
/* End PBXProject section */

/* Begin PBXResourcesBuildPhase section */
		EDFC16F019D0E9F300E0E598 /* Resources */ = {
			isa = PBXResourcesBuildPhase;
			buildActionMask = 2147483647;
			files = (
				EDFC170019D0E9F300E0E598 /* Main.storyboard in Resources */,
				EDFC170519D0E9F300E0E598 /* LaunchScreen.xib in Resources */,
				EDFC170219D0E9F300E0E598 /* Images.xcassets in Resources */,
			);
			runOnlyForDeploymentPostprocessing = 0;
		};
		EDFC170819D0E9F300E0E598 /* Resources */ = {
			isa = PBXResourcesBuildPhase;
			buildActionMask = 2147483647;
			files = (
			);
			runOnlyForDeploymentPostprocessing = 0;
		};
/* End PBXResourcesBuildPhase section */

/* Begin PBXSourcesBuildPhase section */
		EDFC16EE19D0E9F300E0E598 /* Sources */ = {
			isa = PBXSourcesBuildPhase;
			buildActionMask = 2147483647;
			files = (
				EDFC171B19D0EB2C00E0E598 /* FlickrHelper.swift in Sources */,
				EDFC16FD19D0E9F300E0E598 /* ViewController.swift in Sources */,
				EDFC16FB19D0E9F300E0E598 /* Flickr_Photo_Viewer.xcdatamodeld in Sources */,
				EDFC16F819D0E9F300E0E598 /* AppDelegate.swift in Sources */,
			);
			runOnlyForDeploymentPostprocessing = 0;
		};
		EDFC170619D0E9F300E0E598 /* Sources */ = {
			isa = PBXSourcesBuildPhase;
			buildActionMask = 2147483647;
			files = (
				EDFC171119D0E9F300E0E598 /* Flickr_Photo_ViewerTests.swift in Sources */,
			);
			runOnlyForDeploymentPostprocessing = 0;
		};
/* End PBXSourcesBuildPhase section */

/* Begin PBXTargetDependency section */
		EDFC170C19D0E9F300E0E598 /* PBXTargetDependency */ = {
			isa = PBXTargetDependency;
			target = EDFC16F119D0E9F300E0E598 /* Flickr-Photo-Viewer */;
			targetProxy = EDFC170B19D0E9F300E0E598 /* PBXContainerItemProxy */;
		};
/* End PBXTargetDependency section */

/* Begin PBXVariantGroup section */
		EDFC16FE19D0E9F300E0E598 /* Main.storyboard */ = {
			isa = PBXVariantGroup;
			children = (
				EDFC16FF19D0E9F300E0E598 /* Base */,
			);
			name = Main.storyboard;
			sourceTree = "<group>";
		};
		EDFC170319D0E9F300E0E598 /* LaunchScreen.xib */ = {
			isa = PBXVariantGroup;
			children = (
				EDFC170419D0E9F300E0E598 /* Base */,
			);
			name = LaunchScreen.xib;
			sourceTree = "<group>";
		};
/* End PBXVariantGroup section */

/* Begin XCBuildConfiguration section */
		EDFC171219D0E9F300E0E598 /* Debug */ = {
			isa = XCBuildConfiguration;
			buildSettings = {
				ALWAYS_SEARCH_USER_PATHS = NO;
				CLANG_CXX_LANGUAGE_STANDARD = "gnu++0x";
				CLANG_CXX_LIBRARY = "libc++";
				CLANG_ENABLE_MODULES = YES;
				CLANG_ENABLE_OBJC_ARC = YES;
				CLANG_WARN_BOOL_CONVERSION = YES;
				CLANG_WARN_CONSTANT_CONVERSION = YES;
				CLANG_WARN_DIRECT_OBJC_ISA_USAGE = YES_ERROR;
				CLANG_WARN_EMPTY_BODY = YES;
				CLANG_WARN_ENUM_CONVERSION = YES;
				CLANG_WARN_INT_CONVERSION = YES;
				CLANG_WARN_OBJC_ROOT_CLASS = YES_ERROR;
				CLANG_WARN_UNREACHABLE_CODE = YES;
				CLANG_WARN__DUPLICATE_METHOD_MATCH = YES;
				"CODE_SIGN_IDENTITY[sdk=iphoneos*]" = "iPhone Developer";
				COPY_PHASE_STRIP = NO;
				ENABLE_STRICT_OBJC_MSGSEND = YES;
				GCC_C_LANGUAGE_STANDARD = gnu99;
				GCC_DYNAMIC_NO_PIC = NO;
				GCC_OPTIMIZATION_LEVEL = 0;
				GCC_PREPROCESSOR_DEFINITIONS = (
					"DEBUG=1",
					"$(inherited)",
				);
				GCC_SYMBOLS_PRIVATE_EXTERN = NO;
				GCC_WARN_64_TO_32_BIT_CONVERSION = YES;
				GCC_WARN_ABOUT_RETURN_TYPE = YES_ERROR;
				GCC_WARN_UNDECLARED_SELECTOR = YES;
				GCC_WARN_UNINITIALIZED_AUTOS = YES_AGGRESSIVE;
				GCC_WARN_UNUSED_FUNCTION = YES;
				GCC_WARN_UNUSED_VARIABLE = YES;
				IPHONEOS_DEPLOYMENT_TARGET = 8.0;
				MTL_ENABLE_DEBUG_INFO = YES;
				ONLY_ACTIVE_ARCH = YES;
				SDKROOT = iphoneos;
				SWIFT_OPTIMIZATION_LEVEL = "-Onone";
			};
			name = Debug;
		};
		EDFC171319D0E9F300E0E598 /* Release */ = {
			isa = XCBuildConfiguration;
			buildSettings = {
				ALWAYS_SEARCH_USER_PATHS = NO;
				CLANG_CXX_LANGUAGE_STANDARD = "gnu++0x";
				CLANG_CXX_LIBRARY = "libc++";
				CLANG_ENABLE_MODULES = YES;
				CLANG_ENABLE_OBJC_ARC = YES;
				CLANG_WARN_BOOL_CONVERSION = YES;
				CLANG_WARN_CONSTANT_CONVERSION = YES;
				CLANG_WARN_DIRECT_OBJC_ISA_USAGE = YES_ERROR;
				CLANG_WARN_EMPTY_BODY = YES;
				CLANG_WARN_ENUM_CONVERSION = YES;
				CLANG_WARN_INT_CONVERSION = YES;
				CLANG_WARN_OBJC_ROOT_CLASS = YES_ERROR;
				CLANG_WARN_UNREACHABLE_CODE = YES;
				CLANG_WARN__DUPLICATE_METHOD_MATCH = YES;
				"CODE_SIGN_IDENTITY[sdk=iphoneos*]" = "iPhone Developer";
				COPY_PHASE_STRIP = YES;
				ENABLE_NS_ASSERTIONS = NO;
				ENABLE_STRICT_OBJC_MSGSEND = YES;
				GCC_C_LANGUAGE_STANDARD = gnu99;
				GCC_WARN_64_TO_32_BIT_CONVERSION = YES;
				GCC_WARN_ABOUT_RETURN_TYPE = YES_ERROR;
				GCC_WARN_UNDECLARED_SELECTOR = YES;
				GCC_WARN_UNINITIALIZED_AUTOS = YES_AGGRESSIVE;
				GCC_WARN_UNUSED_FUNCTION = YES;
				GCC_WARN_UNUSED_VARIABLE = YES;
				IPHONEOS_DEPLOYMENT_TARGET = 8.0;
				MTL_ENABLE_DEBUG_INFO = NO;
				SDKROOT = iphoneos;
				VALIDATE_PRODUCT = YES;
			};
			name = Release;
		};
		EDFC171519D0E9F300E0E598 /* Debug */ = {
			isa = XCBuildConfiguration;
			buildSettings = {
				ASSETCATALOG_COMPILER_APPICON_NAME = AppIcon;
				INFOPLIST_FILE = "Flickr-Photo-Viewer/Info.plist";
				LD_RUNPATH_SEARCH_PATHS = "$(inherited) @executable_path/Frameworks";
				PRODUCT_NAME = "$(TARGET_NAME)";
			};
			name = Debug;
		};
		EDFC171619D0E9F300E0E598 /* Release */ = {
			isa = XCBuildConfiguration;
			buildSettings = {
				ASSETCATALOG_COMPILER_APPICON_NAME = AppIcon;
				INFOPLIST_FILE = "Flickr-Photo-Viewer/Info.plist";
				LD_RUNPATH_SEARCH_PATHS = "$(inherited) @executable_path/Frameworks";
				PRODUCT_NAME = "$(TARGET_NAME)";
			};
			name = Release;
		};
		EDFC171819D0E9F300E0E598 /* Debug */ = {
			isa = XCBuildConfiguration;
			buildSettings = {
				BUNDLE_LOADER = "$(TEST_HOST)";
				FRAMEWORK_SEARCH_PATHS = (
					"$(SDKROOT)/Developer/Library/Frameworks",
					"$(inherited)",
				);
				GCC_PREPROCESSOR_DEFINITIONS = (
					"DEBUG=1",
					"$(inherited)",
				);
				INFOPLIST_FILE = "Flickr-Photo-ViewerTests/Info.plist";
				LD_RUNPATH_SEARCH_PATHS = "$(inherited) @executable_path/Frameworks @loader_path/Frameworks";
				PRODUCT_NAME = "$(TARGET_NAME)";
				TEST_HOST = "$(BUILT_PRODUCTS_DIR)/Flickr-Photo-Viewer.app/Flickr-Photo-Viewer";
			};
			name = Debug;
		};
		EDFC171919D0E9F300E0E598 /* Release */ = {
			isa = XCBuildConfiguration;
			buildSettings = {
				BUNDLE_LOADER = "$(TEST_HOST)";
				FRAMEWORK_SEARCH_PATHS = (
					"$(SDKROOT)/Developer/Library/Frameworks",
					"$(inherited)",
				);
				INFOPLIST_FILE = "Flickr-Photo-ViewerTests/Info.plist";
				LD_RUNPATH_SEARCH_PATHS = "$(inherited) @executable_path/Frameworks @loader_path/Frameworks";
				PRODUCT_NAME = "$(TARGET_NAME)";
				TEST_HOST = "$(BUILT_PRODUCTS_DIR)/Flickr-Photo-Viewer.app/Flickr-Photo-Viewer";
			};
			name = Release;
		};
/* End XCBuildConfiguration section */

/* Begin XCConfigurationList section */
		EDFC16ED19D0E9F200E0E598 /* Build configuration list for PBXProject "Flickr-Photo-Viewer" */ = {
			isa = XCConfigurationList;
			buildConfigurations = (
				EDFC171219D0E9F300E0E598 /* Debug */,
				EDFC171319D0E9F300E0E598 /* Release */,
			);
			defaultConfigurationIsVisible = 0;
			defaultConfigurationName = Release;
		};
		EDFC171419D0E9F300E0E598 /* Build configuration list for PBXNativeTarget "Flickr-Photo-Viewer" */ = {
			isa = XCConfigurationList;
			buildConfigurations = (
				EDFC171519D0E9F300E0E598 /* Debug */,
				EDFC171619D0E9F300E0E598 /* Release */,
			);
			defaultConfigurationIsVisible = 0;
		};
		EDFC171719D0E9F300E0E598 /* Build configuration list for PBXNativeTarget "Flickr-Photo-ViewerTests" */ = {
			isa = XCConfigurationList;
			buildConfigurations = (
				EDFC171819D0E9F300E0E598 /* Debug */,
				EDFC171919D0E9F300E0E598 /* Release */,
			);
			defaultConfigurationIsVisible = 0;
		};
/* End XCConfigurationList section */

/* Begin XCVersionGroup section */
		EDFC16F919D0E9F300E0E598 /* Flickr_Photo_Viewer.xcdatamodeld */ = {
			isa = XCVersionGroup;
			children = (
				EDFC16FA19D0E9F300E0E598 /* Flickr_Photo_Viewer.xcdatamodel */,
			);
			currentVersion = EDFC16FA19D0E9F300E0E598 /* Flickr_Photo_Viewer.xcdatamodel */;
			path = Flickr_Photo_Viewer.xcdatamodeld;
			sourceTree = "<group>";
			versionGroupType = wrapper.xcdatamodel;
		};
/* End XCVersionGroup section */
	};
	rootObject = EDFC16EA19D0E9F200E0E598 /* Project object */;
}
